{
  "name": "image-review-blockchain",
  "version": "1.0.0",
  "lockfileVersion": 3,
  "requires": true,
  "packages": {
    "": {
      "name": "image-review-blockchain",
      "version": "1.0.0",
      "license": "ISC",
      "dependencies": {
        "image-review-blockchain": "file:"
      }
    },
    "node_modules/image-review-blockchain": {
      "resolved": "",
      "link": true
    }
  }
}
